
Microsoft Visual Studio Solution File, Format Version 12.00
# Visual Studio 15
VisualStudioVersion = 15.0.28307.271
MinimumVisualStudioVersion = 10.0.40219.1
Project("{8BC9CEB8-8B4A-11D0-8D11-00A0C91BC942}") = "Program 8 - 1", "Program 8 - 1\Program 8 - 1.vcxproj", "{0D6ECF16-544D-44BB-9FDB-AE4B4D5D272D}"
EndProject
Global
	GlobalSection(SolutionConfigurationPlatforms) = preSolution
		Debug|x64 = Debug|x64
		Debug|x86 = Debug|x86
		Release|x64 = Release|x64
		Release|x86 = Release|x86
	EndGlobalSection
	GlobalSection(ProjectConfigurationPlatforms) = postSolution
		{0D6ECF16-544D-44BB-9FDB-AE4B4D5D272D}.Debug|x64.ActiveCfg = Debug|x64
		{0D6ECF16-544D-44BB-9FDB-AE4B4D5D272D}.Debug|x64.Build.0 = Debug|x64
		{0D6ECF16-544D-44BB-9FDB-AE4B4D5D272D}.Debug|x86.ActiveCfg = Debug|Win32
		{0D6ECF16-544D-44BB-9FDB-AE4B4D5D272D}.Debug|x86.Build.0 = Debug|Win32
		{0D6ECF16-544D-44BB-9FDB-AE4B4D5D272D}.Release|x64.ActiveCfg = Release|x64
		{0D6ECF16-544D-44BB-9FDB-AE4B4D5D272D}.Release|x64.Build.0 = Release|x64
		{0D6ECF16-544D-44BB-9FDB-AE4B4D5D272D}.Release|x86.ActiveCfg = Release|Win32
		{0D6ECF16-544D-44BB-9FDB-AE4B4D5D272D}.Release|x86.Build.0 = Release|Win32
	EndGlobalSection
	GlobalSection(SolutionProperties) = preSolution
		HideSolutionNode = FALSE
	EndGlobalSection
	GlobalSection(ExtensibilityGlobals) = postSolution
		SolutionGuid = {02D5D0F2-E918-4F4F-8951-91AF705A9776}
	EndGlobalSection
EndGlobal
