<?xml version="1.0" encoding="utf-8"?>
<Project ToolsVersion="4.0" xmlns="http://schemas.microsoft.com/developer/msbuild/2003">
  <ItemGroup>
    <Filter Include="Source Files">
      <UniqueIdentifier>{4FC737F1-C7A5-4376-A066-2A32D752A2FF}</UniqueIdentifier>
      <Extensions>cpp;c;cc;cxx;def;odl;idl;hpj;bat;asm;asmx</Extensions>
    </Filter>
    <Filter Include="Header Files">
      <UniqueIdentifier>{93995380-89BD-4b04-88EB-625FBE52EBFB}</UniqueIdentifier>
      <Extensions>h;hh;hpp;hxx;hm;inl;inc;ipp;xsd</Extensions>
    </Filter>
    <Filter Include="Class Headers">
      <UniqueIdentifier>{4f4c1730-0279-45c1-9ab2-4e615656825d}</UniqueIdentifier>
    </Filter>
    <Filter Include="Class Source">
      <UniqueIdentifier>{4f13b440-b121-4119-a6f6-73c09014cfe2}</UniqueIdentifier>
    </Filter>
  </ItemGroup>
  <ItemGroup>
    <ClInclude Include="Card.h">
      <Filter>Class Headers</Filter>
    </ClInclude>
    <ClInclude Include="Player.h">
      <Filter>Class Headers</Filter>
    </ClInclude>
    <ClInclude Include="Deck.h">
      <Filter>Class Headers</Filter>
    </ClInclude>
    <ClInclude Include="Dealer.h">
      <Filter>Class Headers</Filter>
    </ClInclude>
    <ClInclude Include="smallPrint.h">
      <Filter>Header Files</Filter>
    </ClInclude>
  </ItemGroup>
  <ItemGroup>
    <ClCompile Include="Card.cpp">
      <Filter>Class Source</Filter>
    </ClCompile>
    <ClCompile Include="Dealer.cpp">
      <Filter>Class Source</Filter>
    </ClCompile>
    <ClCompile Include="Deck.cpp">
      <Filter>Class Source</Filter>
    </ClCompile>
    <ClCompile Include="Player.cpp">
      <Filter>Class Source</Filter>
    </ClCompile>
    <ClCompile Include="Main.cpp">
      <Filter>Source Files</Filter>
    </ClCompile>
    <ClCompile Include="smallPrint.cpp">
      <Filter>Source Files</Filter>
    </ClCompile>
  </ItemGroup>
</Project>