
Microsoft Visual Studio Solution File, Format Version 12.00
# Visual Studio 15
VisualStudioVersion = 15.0.28307.271
MinimumVisualStudioVersion = 10.0.40219.1
Project("{8BC9CEB8-8B4A-11D0-8D11-00A0C91BC942}") = "Program 2 - 1", "Program 2 - 1\Program 2 - 1.vcxproj", "{B23DE7FC-C4D3-4F80-863B-959B7BDDE915}"
EndProject
Global
	GlobalSection(SolutionConfigurationPlatforms) = preSolution
		Debug|x64 = Debug|x64
		Debug|x86 = Debug|x86
		Release|x64 = Release|x64
		Release|x86 = Release|x86
	EndGlobalSection
	GlobalSection(ProjectConfigurationPlatforms) = postSolution
		{B23DE7FC-C4D3-4F80-863B-959B7BDDE915}.Debug|x64.ActiveCfg = Debug|x64
		{B23DE7FC-C4D3-4F80-863B-959B7BDDE915}.Debug|x64.Build.0 = Debug|x64
		{B23DE7FC-C4D3-4F80-863B-959B7BDDE915}.Debug|x86.ActiveCfg = Debug|Win32
		{B23DE7FC-C4D3-4F80-863B-959B7BDDE915}.Debug|x86.Build.0 = Debug|Win32
		{B23DE7FC-C4D3-4F80-863B-959B7BDDE915}.Release|x64.ActiveCfg = Release|x64
		{B23DE7FC-C4D3-4F80-863B-959B7BDDE915}.Release|x64.Build.0 = Release|x64
		{B23DE7FC-C4D3-4F80-863B-959B7BDDE915}.Release|x86.ActiveCfg = Release|Win32
		{B23DE7FC-C4D3-4F80-863B-959B7BDDE915}.Release|x86.Build.0 = Release|Win32
	EndGlobalSection
	GlobalSection(SolutionProperties) = preSolution
		HideSolutionNode = FALSE
	EndGlobalSection
	GlobalSection(ExtensibilityGlobals) = postSolution
		SolutionGuid = {483723A2-666E-458F-BD45-AEB018751A9A}
	EndGlobalSection
EndGlobal
